
Microsoft Visual Studio Solution File, Format Version 12.00
# Visual Studio Version 17
VisualStudioVersion = 17.12.35527.113
MinimumVisualStudioVersion = 10.0.40219.1
Project("{FAE04EC0-301F-11D3-BF4B-00C04F79EFBC}") = "Serverless.UploadsNotificationFunction", "Serverless.UploadsNotificationFunction\src\Serverless.UploadsNotificationFunction\Serverless.UploadsNotificationFunction.csproj", "{2F17AF4D-236E-41FE-8DAE-61C5B253D7CD}"
EndProject
Project("{FAE04EC0-301F-11D3-BF4B-00C04F79EFBC}") = "Serverless.UploadsNotificationFunction.Tests", "Serverless.UploadsNotificationFunction\test\Serverless.UploadsNotificationFunction.Tests\Serverless.UploadsNotificationFunction.Tests.csproj", "{17450966-28B4-4817-9871-4429086468F0}"
EndProject
Global
	GlobalSection(SolutionConfigurationPlatforms) = preSolution
		Debug|Any CPU = Debug|Any CPU
		Release|Any CPU = Release|Any CPU
	EndGlobalSection
	GlobalSection(ProjectConfigurationPlatforms) = postSolution
		{2F17AF4D-236E-41FE-8DAE-61C5B253D7CD}.Debug|Any CPU.ActiveCfg = Debug|Any CPU
		{2F17AF4D-236E-41FE-8DAE-61C5B253D7CD}.Debug|Any CPU.Build.0 = Debug|Any CPU
		{2F17AF4D-236E-41FE-8DAE-61C5B253D7CD}.Release|Any CPU.ActiveCfg = Release|Any CPU
		{2F17AF4D-236E-41FE-8DAE-61C5B253D7CD}.Release|Any CPU.Build.0 = Release|Any CPU
		{17450966-28B4-4817-9871-4429086468F0}.Debug|Any CPU.ActiveCfg = Debug|Any CPU
		{17450966-28B4-4817-9871-4429086468F0}.Debug|Any CPU.Build.0 = Debug|Any CPU
		{17450966-28B4-4817-9871-4429086468F0}.Release|Any CPU.ActiveCfg = Release|Any CPU
		{17450966-28B4-4817-9871-4429086468F0}.Release|Any CPU.Build.0 = Release|Any CPU
	EndGlobalSection
	GlobalSection(SolutionProperties) = preSolution
		HideSolutionNode = FALSE
	EndGlobalSection
EndGlobal
